// !$*UTF8*$!
{
	archiveVersion = 1;
	classes = {
	};
	objectVersion = 55;
	objects = {

/* Begin PBXBuildFile section */
		3F9D036E27F509700082BB17 /* JoshanRai_CoreDataProjectApp.swift in Sources */ = {isa = PBXBuildFile; fileRef = 3F9D036D27F509700082BB17 /* JoshanRai_CoreDataProjectApp.swift */; };
		3F9D037027F509700082BB17 /* ContentView.swift in Sources */ = {isa = PBXBuildFile; fileRef = 3F9D036F27F509700082BB17 /* ContentView.swift */; };
		3F9D037227F509720082BB17 /* Assets.xcassets in Resources */ = {isa = PBXBuildFile; fileRef = 3F9D037127F509720082BB17 /* Assets.xcassets */; };
		3F9D037527F509720082BB17 /* Preview Assets.xcassets in Resources */ = {isa = PBXBuildFile; fileRef = 3F9D037427F509720082BB17 /* Preview Assets.xcassets */; };
		3F9D037C27F509BA0082BB17 /* DataController.swift in Sources */ = {isa = PBXBuildFile; fileRef = 3F9D037B27F509BA0082BB17 /* DataController.swift */; };
		3F9D038727F550B50082BB17 /* Movie+CoreDataClass.swift in Sources */ = {isa = PBXBuildFile; fileRef = 3F9D038527F550B50082BB17 /* Movie+CoreDataClass.swift */; };
		3F9D038827F550B50082BB17 /* Movie+CoreDataProperties.swift in Sources */ = {isa = PBXBuildFile; fileRef = 3F9D038627F550B50082BB17 /* Movie+CoreDataProperties.swift */; };
		3F9D038D27F75CD40082BB17 /* Singer+CoreDataClass.swift in Sources */ = {isa = PBXBuildFile; fileRef = 3F9D038B27F75CD40082BB17 /* Singer+CoreDataClass.swift */; };
		3F9D038E27F75CD40082BB17 /* Singer+CoreDataProperties.swift in Sources */ = {isa = PBXBuildFile; fileRef = 3F9D038C27F75CD40082BB17 /* Singer+CoreDataProperties.swift */; };
		3F9D039027F75E9C0082BB17 /* FilteredList.swift in Sources */ = {isa = PBXBuildFile; fileRef = 3F9D038F27F75E9C0082BB17 /* FilteredList.swift */; };
		3F9D039527F777B90082BB17 /* CoreDataProject.xcdatamodeld in Sources */ = {isa = PBXBuildFile; fileRef = 3F9D039327F777B90082BB17 /* CoreDataProject.xcdatamodeld */; };
		3F9D039A27F7795E0082BB17 /* Country+CoreDataClass.swift in Sources */ = {isa = PBXBuildFile; fileRef = 3F9D039627F7795E0082BB17 /* Country+CoreDataClass.swift */; };
		3F9D039B27F7795E0082BB17 /* Country+CoreDataProperties.swift in Sources */ = {isa = PBXBuildFile; fileRef = 3F9D039727F7795E0082BB17 /* Country+CoreDataProperties.swift */; };
		3F9D039C27F7795E0082BB17 /* Candy+CoreDataClass.swift in Sources */ = {isa = PBXBuildFile; fileRef = 3F9D039827F7795E0082BB17 /* Candy+CoreDataClass.swift */; };
		3F9D039D27F7795E0082BB17 /* Candy+CoreDataProperties.swift in Sources */ = {isa = PBXBuildFile; fileRef = 3F9D039927F7795E0082BB17 /* Candy+CoreDataProperties.swift */; };
/* End PBXBuildFile section */

/* Begin PBXFileReference section */
		3F9D036A27F509700082BB17 /* JoshanRai-CoreDataProject.app */ = {isa = PBXFileReference; explicitFileType = wrapper.application; includeInIndex = 0; path = "JoshanRai-CoreDataProject.app"; sourceTree = BUILT_PRODUCTS_DIR; };
		3F9D036D27F509700082BB17 /* JoshanRai_CoreDataProjectApp.swift */ = {isa = PBXFileReference; lastKnownFileType = sourcecode.swift; path = JoshanRai_CoreDataProjectApp.swift; sourceTree = "<group>"; };
		3F9D036F27F509700082BB17 /* ContentView.swift */ = {isa = PBXFileReference; lastKnownFileType = sourcecode.swift; path = ContentView.swift; sourceTree = "<group>"; };
		3F9D037127F509720082BB17 /* Assets.xcassets */ = {isa = PBXFileReference; lastKnownFileType = folder.assetcatalog; path = Assets.xcassets; sourceTree = "<group>"; };
		3F9D037427F509720082BB17 /* Preview Assets.xcassets */ = {isa = PBXFileReference; lastKnownFileType = folder.assetcatalog; path = "Preview Assets.xcassets"; sourceTree = "<group>"; };
		3F9D037B27F509BA0082BB17 /* DataController.swift */ = {isa = PBXFileReference; fileEncoding = 4; lastKnownFileType = sourcecode.swift; path = DataController.swift; sourceTree = "<group>"; };
		3F9D038527F550B50082BB17 /* Movie+CoreDataClass.swift */ = {isa = PBXFileReference; lastKnownFileType = sourcecode.swift; path = "Movie+CoreDataClass.swift"; sourceTree = "<group>"; };
		3F9D038627F550B50082BB17 /* Movie+CoreDataProperties.swift */ = {isa = PBXFileReference; lastKnownFileType = sourcecode.swift; path = "Movie+CoreDataProperties.swift"; sourceTree = "<group>"; };
		3F9D038B27F75CD40082BB17 /* Singer+CoreDataClass.swift */ = {isa = PBXFileReference; lastKnownFileType = sourcecode.swift; path = "Singer+CoreDataClass.swift"; sourceTree = "<group>"; };
		3F9D038C27F75CD40082BB17 /* Singer+CoreDataProperties.swift */ = {isa = PBXFileReference; lastKnownFileType = sourcecode.swift; path = "Singer+CoreDataProperties.swift"; sourceTree = "<group>"; };
		3F9D038F27F75E9C0082BB17 /* FilteredList.swift */ = {isa = PBXFileReference; lastKnownFileType = sourcecode.swift; path = FilteredList.swift; sourceTree = "<group>"; };
		3F9D039427F777B90082BB17 /* CoreDataProject.xcdatamodel */ = {isa = PBXFileReference; lastKnownFileType = wrapper.xcdatamodel; path = CoreDataProject.xcdatamodel; sourceTree = "<group>"; };
		3F9D039627F7795E0082BB17 /* Country+CoreDataClass.swift */ = {isa = PBXFileReference; lastKnownFileType = sourcecode.swift; path = "Country+CoreDataClass.swift"; sourceTree = "<group>"; };
		3F9D039727F7795E0082BB17 /* Country+CoreDataProperties.swift */ = {isa = PBXFileReference; lastKnownFileType = sourcecode.swift; path = "Country+CoreDataProperties.swift"; sourceTree = "<group>"; };
		3F9D039827F7795E0082BB17 /* Candy+CoreDataClass.swift */ = {isa = PBXFileReference; lastKnownFileType = sourcecode.swift; path = "Candy+CoreDataClass.swift"; sourceTree = "<group>"; };
		3F9D039927F7795E0082BB17 /* Candy+CoreDataProperties.swift */ = {isa = PBXFileReference; lastKnownFileType = sourcecode.swift; path = "Candy+CoreDataProperties.swift"; sourceTree = "<group>"; };
/* End PBXFileReference section */

/* Begin PBXFrameworksBuildPhase section */
		3F9D036727F509700082BB17 /* Frameworks */ = {
			isa = PBXFrameworksBuildPhase;
			buildActionMask = 2147483647;
			files = (
			);
			runOnlyForDeploymentPostprocessing = 0;
		};
/* End PBXFrameworksBuildPhase section */

/* Begin PBXGroup section */
		3F9D036127F509700082BB17 = {
			isa = PBXGroup;
			children = (
				3F9D036C27F509700082BB17 /* JoshanRai-CoreDataProject */,
				3F9D036B27F509700082BB17 /* Products */,
			);
			sourceTree = "<group>";
		};
		3F9D036B27F509700082BB17 /* Products */ = {
			isa = PBXGroup;
			children = (
				3F9D036A27F509700082BB17 /* JoshanRai-CoreDataProject.app */,
			);
			name = Products;
			sourceTree = "<group>";
		};
		3F9D036C27F509700082BB17 /* JoshanRai-CoreDataProject */ = {
			isa = PBXGroup;
			children = (
				3F9D036D27F509700082BB17 /* JoshanRai_CoreDataProjectApp.swift */,
				3F9D038927F5598A0082BB17 /* NSManagedObject */,
				3F9D037D27F509CD0082BB17 /* Model */,
				3F9D038A27F5599C0082BB17 /* View */,
				3F9D037127F509720082BB17 /* Assets.xcassets */,
				3F9D037327F509720082BB17 /* Preview Content */,
			);
			path = "JoshanRai-CoreDataProject";
			sourceTree = "<group>";
		};
		3F9D037327F509720082BB17 /* Preview Content */ = {
			isa = PBXGroup;
			children = (
				3F9D037427F509720082BB17 /* Preview Assets.xcassets */,
			);
			path = "Preview Content";
			sourceTree = "<group>";
		};
		3F9D037D27F509CD0082BB17 /* Model */ = {
			isa = PBXGroup;
			children = (
				3F9D039327F777B90082BB17 /* CoreDataProject.xcdatamodeld */,
				3F9D037B27F509BA0082BB17 /* DataController.swift */,
			);
			path = Model;
			sourceTree = "<group>";
		};
		3F9D038927F5598A0082BB17 /* NSManagedObject */ = {
			isa = PBXGroup;
			children = (
				3F9D038527F550B50082BB17 /* Movie+CoreDataClass.swift */,
				3F9D038627F550B50082BB17 /* Movie+CoreDataProperties.swift */,
				3F9D038B27F75CD40082BB17 /* Singer+CoreDataClass.swift */,
				3F9D038C27F75CD40082BB17 /* Singer+CoreDataProperties.swift */,
				3F9D039627F7795E0082BB17 /* Country+CoreDataClass.swift */,
				3F9D039727F7795E0082BB17 /* Country+CoreDataProperties.swift */,
				3F9D039827F7795E0082BB17 /* Candy+CoreDataClass.swift */,
				3F9D039927F7795E0082BB17 /* Candy+CoreDataProperties.swift */,
			);
			path = NSManagedObject;
			sourceTree = "<group>";
		};
		3F9D038A27F5599C0082BB17 /* View */ = {
			isa = PBXGroup;
			children = (
				3F9D036F27F509700082BB17 /* ContentView.swift */,
				3F9D038F27F75E9C0082BB17 /* FilteredList.swift */,
			);
			path = View;
			sourceTree = "<group>";
		};
/* End PBXGroup section */

/* Begin PBXNativeTarget section */
		3F9D036927F509700082BB17 /* JoshanRai-CoreDataProject */ = {
			isa = PBXNativeTarget;
			buildConfigurationList = 3F9D037827F509720082BB17 /* Build configuration list for PBXNativeTarget "JoshanRai-CoreDataProject" */;
			buildPhases = (
				3F9D036627F509700082BB17 /* Sources */,
				3F9D036727F509700082BB17 /* Frameworks */,
				3F9D036827F509700082BB17 /* Resources */,
			);
			buildRules = (
			);
			dependencies = (
			);
			name = "JoshanRai-CoreDataProject";
			productName = "JoshanRai-CoreDataProject";
			productReference = 3F9D036A27F509700082BB17 /* JoshanRai-CoreDataProject.app */;
			productType = "com.apple.product-type.application";
		};
/* End PBXNativeTarget section */

/* Begin PBXProject section */
		3F9D036227F509700082BB17 /* Project object */ = {
			isa = PBXProject;
			attributes = {
				BuildIndependentTargetsInParallel = 1;
				LastSwiftUpdateCheck = 1330;
				LastUpgradeCheck = 1330;
				TargetAttributes = {
					3F9D036927F509700082BB17 = {
						CreatedOnToolsVersion = 13.3;
					};
				};
			};
			buildConfigurationList = 3F9D036527F509700082BB17 /* Build configuration list for PBXProject "JoshanRai-CoreDataProject" */;
			compatibilityVersion = "Xcode 13.0";
			developmentRegion = en;
			hasScannedForEncodings = 0;
			knownRegions = (
				en,
				Base,
			);
			mainGroup = 3F9D036127F509700082BB17;
			productRefGroup = 3F9D036B27F509700082BB17 /* Products */;
			projectDirPath = "";
			projectRoot = "";
			targets = (
				3F9D036927F509700082BB17 /* JoshanRai-CoreDataProject */,
			);
		};
/* End PBXProject section */

/* Begin PBXResourcesBuildPhase section */
		3F9D036827F509700082BB17 /* Resources */ = {
			isa = PBXResourcesBuildPhase;
			buildActionMask = 2147483647;
			files = (
				3F9D037527F509720082BB17 /* Preview Assets.xcassets in Resources */,
				3F9D037227F509720082BB17 /* Assets.xcassets in Resources */,
			);
			runOnlyForDeploymentPostprocessing = 0;
		};
/* End PBXResourcesBuildPhase section */

/* Begin PBXSourcesBuildPhase section */
		3F9D036627F509700082BB17 /* Sources */ = {
			isa = PBXSourcesBuildPhase;
			buildActionMask = 2147483647;
			files = (
				3F9D038D27F75CD40082BB17 /* Singer+CoreDataClass.swift in Sources */,
				3F9D037027F509700082BB17 /* ContentView.swift in Sources */,
				3F9D039027F75E9C0082BB17 /* FilteredList.swift in Sources */,
				3F9D039527F777B90082BB17 /* CoreDataProject.xcdatamodeld in Sources */,
				3F9D037C27F509BA0082BB17 /* DataController.swift in Sources */,
				3F9D039D27F7795E0082BB17 /* Candy+CoreDataProperties.swift in Sources */,
				3F9D038727F550B50082BB17 /* Movie+CoreDataClass.swift in Sources */,
				3F9D039B27F7795E0082BB17 /* Country+CoreDataProperties.swift in Sources */,
				3F9D038E27F75CD40082BB17 /* Singer+CoreDataProperties.swift in Sources */,
				3F9D038827F550B50082BB17 /* Movie+CoreDataProperties.swift in Sources */,
				3F9D039A27F7795E0082BB17 /* Country+CoreDataClass.swift in Sources */,
				3F9D036E27F509700082BB17 /* JoshanRai_CoreDataProjectApp.swift in Sources */,
				3F9D039C27F7795E0082BB17 /* Candy+CoreDataClass.swift in Sources */,
			);
			runOnlyForDeploymentPostprocessing = 0;
		};
/* End PBXSourcesBuildPhase section */

/* Begin XCBuildConfiguration section */
		3F9D037627F509720082BB17 /* Debug */ = {
			isa = XCBuildConfiguration;
			buildSettings = {
				ALWAYS_SEARCH_USER_PATHS = NO;
				CLANG_ANALYZER_NONNULL = YES;
				CLANG_ANALYZER_NUMBER_OBJECT_CONVERSION = YES_AGGRESSIVE;
				CLANG_CXX_LANGUAGE_STANDARD = "gnu++17";
				CLANG_ENABLE_MODULES = YES;
				CLANG_ENABLE_OBJC_ARC = YES;
				CLANG_ENABLE_OBJC_WEAK = YES;
				CLANG_WARN_BLOCK_CAPTURE_AUTORELEASING = YES;
				CLANG_WARN_BOOL_CONVERSION = YES;
				CLANG_WARN_COMMA = YES;
				CLANG_WARN_CONSTANT_CONVERSION = YES;
				CLANG_WARN_DEPRECATED_OBJC_IMPLEMENTATIONS = YES;
				CLANG_WARN_DIRECT_OBJC_ISA_USAGE = YES_ERROR;
				CLANG_WARN_DOCUMENTATION_COMMENTS = YES;
				CLANG_WARN_EMPTY_BODY = YES;
				CLANG_WARN_ENUM_CONVERSION = YES;
				CLANG_WARN_INFINITE_RECURSION = YES;
				CLANG_WARN_INT_CONVERSION = YES;
				CLANG_WARN_NON_LITERAL_NULL_CONVERSION = YES;
				CLANG_WARN_OBJC_IMPLICIT_RETAIN_SELF = YES;
				CLANG_WARN_OBJC_LITERAL_CONVERSION = YES;
				CLANG_WARN_OBJC_ROOT_CLASS = YES_ERROR;
				CLANG_WARN_QUOTED_INCLUDE_IN_FRAMEWORK_HEADER = YES;
				CLANG_WARN_RANGE_LOOP_ANALYSIS = YES;
				CLANG_WARN_STRICT_PROTOTYPES = YES;
				CLANG_WARN_SUSPICIOUS_MOVE = YES;
				CLANG_WARN_UNGUARDED_AVAILABILITY = YES_AGGRESSIVE;
				CLANG_WARN_UNREACHABLE_CODE = YES;
				CLANG_WARN__DUPLICATE_METHOD_MATCH = YES;
				COPY_PHASE_STRIP = NO;
				DEBUG_INFORMATION_FORMAT = dwarf;
				ENABLE_STRICT_OBJC_MSGSEND = YES;
				ENABLE_TESTABILITY = YES;
				GCC_C_LANGUAGE_STANDARD = gnu11;
				GCC_DYNAMIC_NO_PIC = NO;
				GCC_NO_COMMON_BLOCKS = YES;
				GCC_OPTIMIZATION_LEVEL = 0;
				GCC_PREPROCESSOR_DEFINITIONS = (
					"DEBUG=1",
					"$(inherited)",
				);
				GCC_WARN_64_TO_32_BIT_CONVERSION = YES;
				GCC_WARN_ABOUT_RETURN_TYPE = YES_ERROR;
				GCC_WARN_UNDECLARED_SELECTOR = YES;
				GCC_WARN_UNINITIALIZED_AUTOS = YES_AGGRESSIVE;
				GCC_WARN_UNUSED_FUNCTION = YES;
				GCC_WARN_UNUSED_VARIABLE = YES;
				IPHONEOS_DEPLOYMENT_TARGET = 15.4;
				MTL_ENABLE_DEBUG_INFO = INCLUDE_SOURCE;
				MTL_FAST_MATH = YES;
				ONLY_ACTIVE_ARCH = YES;
				SDKROOT = iphoneos;
				SWIFT_ACTIVE_COMPILATION_CONDITIONS = DEBUG;
				SWIFT_OPTIMIZATION_LEVEL = "-Onone";
			};
			name = Debug;
		};
		3F9D037727F509720082BB17 /* Release */ = {
			isa = XCBuildConfiguration;
			buildSettings = {
				ALWAYS_SEARCH_USER_PATHS = NO;
				CLANG_ANALYZER_NONNULL = YES;
				CLANG_ANALYZER_NUMBER_OBJECT_CONVERSION = YES_AGGRESSIVE;
				CLANG_CXX_LANGUAGE_STANDARD = "gnu++17";
				CLANG_ENABLE_MODULES = YES;
				CLANG_ENABLE_OBJC_ARC = YES;
				CLANG_ENABLE_OBJC_WEAK = YES;
				CLANG_WARN_BLOCK_CAPTURE_AUTORELEASING = YES;
				CLANG_WARN_BOOL_CONVERSION = YES;
				CLANG_WARN_COMMA = YES;
				CLANG_WARN_CONSTANT_CONVERSION = YES;
				CLANG_WARN_DEPRECATED_OBJC_IMPLEMENTATIONS = YES;
				CLANG_WARN_DIRECT_OBJC_ISA_USAGE = YES_ERROR;
				CLANG_WARN_DOCUMENTATION_COMMENTS = YES;
				CLANG_WARN_EMPTY_BODY = YES;
				CLANG_WARN_ENUM_CONVERSION = YES;
				CLANG_WARN_INFINITE_RECURSION = YES;
				CLANG_WARN_INT_CONVERSION = YES;
				CLANG_WARN_NON_LITERAL_NULL_CONVERSION = YES;
				CLANG_WARN_OBJC_IMPLICIT_RETAIN_SELF = YES;
				CLANG_WARN_OBJC_LITERAL_CONVERSION = YES;
				CLANG_WARN_OBJC_ROOT_CLASS = YES_ERROR;
				CLANG_WARN_QUOTED_INCLUDE_IN_FRAMEWORK_HEADER = YES;
				CLANG_WARN_RANGE_LOOP_ANALYSIS = YES;
				CLANG_WARN_STRICT_PROTOTYPES = YES;
				CLANG_WARN_SUSPICIOUS_MOVE = YES;
				CLANG_WARN_UNGUARDED_AVAILABILITY = YES_AGGRESSIVE;
				CLANG_WARN_UNREACHABLE_CODE = YES;
				CLANG_WARN__DUPLICATE_METHOD_MATCH = YES;
				COPY_PHASE_STRIP = NO;
				DEBUG_INFORMATION_FORMAT = "dwarf-with-dsym";
				ENABLE_NS_ASSERTIONS = NO;
				ENABLE_STRICT_OBJC_MSGSEND = YES;
				GCC_C_LANGUAGE_STANDARD = gnu11;
				GCC_NO_COMMON_BLOCKS = YES;
				GCC_WARN_64_TO_32_BIT_CONVERSION = YES;
				GCC_WARN_ABOUT_RETURN_TYPE = YES_ERROR;
				GCC_WARN_UNDECLARED_SELECTOR = YES;
				GCC_WARN_UNINITIALIZED_AUTOS = YES_AGGRESSIVE;
				GCC_WARN_UNUSED_FUNCTION = YES;
				GCC_WARN_UNUSED_VARIABLE = YES;
				IPHONEOS_DEPLOYMENT_TARGET = 15.4;
				MTL_ENABLE_DEBUG_INFO = NO;
				MTL_FAST_MATH = YES;
				SDKROOT = iphoneos;
				SWIFT_COMPILATION_MODE = wholemodule;
				SWIFT_OPTIMIZATION_LEVEL = "-O";
				VALIDATE_PRODUCT = YES;
			};
			name = Release;
		};
		3F9D037927F509720082BB17 /* Debug */ = {
			isa = XCBuildConfiguration;
			buildSettings = {
				ASSETCATALOG_COMPILER_APPICON_NAME = AppIcon;
				ASSETCATALOG_COMPILER_GLOBAL_ACCENT_COLOR_NAME = AccentColor;
				CODE_SIGN_STYLE = Automatic;
				CURRENT_PROJECT_VERSION = 1;
				DEVELOPMENT_ASSET_PATHS = "\"JoshanRai-CoreDataProject/Preview Content\"";
				DEVELOPMENT_TEAM = Y8U2DWH94S;
				ENABLE_PREVIEWS = YES;
				GENERATE_INFOPLIST_FILE = YES;
				INFOPLIST_KEY_UIApplicationSceneManifest_Generation = YES;
				INFOPLIST_KEY_UIApplicationSupportsIndirectInputEvents = YES;
				INFOPLIST_KEY_UILaunchScreen_Generation = YES;
				INFOPLIST_KEY_UISupportedInterfaceOrientations_iPad = "UIInterfaceOrientationPortrait UIInterfaceOrientationPortraitUpsideDown UIInterfaceOrientationLandscapeLeft UIInterfaceOrientationLandscapeRight";
				INFOPLIST_KEY_UISupportedInterfaceOrientations_iPhone = "UIInterfaceOrientationPortrait UIInterfaceOrientationLandscapeLeft UIInterfaceOrientationLandscapeRight";
				LD_RUNPATH_SEARCH_PATHS = (
					"$(inherited)",
					"@executable_path/Frameworks",
				);
				MARKETING_VERSION = 0.8.0;
				PRODUCT_BUNDLE_IDENTIFIER = "com.jrai.JoshanRai-CoreDataProject";
				PRODUCT_NAME = "$(TARGET_NAME)";
				SWIFT_EMIT_LOC_STRINGS = YES;
				SWIFT_VERSION = 5.0;
				TARGETED_DEVICE_FAMILY = "1,2";
			};
			name = Debug;
		};
		3F9D037A27F509720082BB17 /* Release */ = {
			isa = XCBuildConfiguration;
			buildSettings = {
				ASSETCATALOG_COMPILER_APPICON_NAME = AppIcon;
				ASSETCATALOG_COMPILER_GLOBAL_ACCENT_COLOR_NAME = AccentColor;
				CODE_SIGN_STYLE = Automatic;
				CURRENT_PROJECT_VERSION = 1;
				DEVELOPMENT_ASSET_PATHS = "\"JoshanRai-CoreDataProject/Preview Content\"";
				DEVELOPMENT_TEAM = Y8U2DWH94S;
				ENABLE_PREVIEWS = YES;
				GENERATE_INFOPLIST_FILE = YES;
				INFOPLIST_KEY_UIApplicationSceneManifest_Generation = YES;
				INFOPLIST_KEY_UIApplicationSupportsIndirectInputEvents = YES;
				INFOPLIST_KEY_UILaunchScreen_Generation = YES;
				INFOPLIST_KEY_UISupportedInterfaceOrientations_iPad = "UIInterfaceOrientationPortrait UIInterfaceOrientationPortraitUpsideDown UIInterfaceOrientationLandscapeLeft UIInterfaceOrientationLandscapeRight";
				INFOPLIST_KEY_UISupportedInterfaceOrientations_iPhone = "UIInterfaceOrientationPortrait UIInterfaceOrientationLandscapeLeft UIInterfaceOrientationLandscapeRight";
				LD_RUNPATH_SEARCH_PATHS = (
					"$(inherited)",
					"@executable_path/Frameworks",
				);
				MARKETING_VERSION = 0.8.0;
				PRODUCT_BUNDLE_IDENTIFIER = "com.jrai.JoshanRai-CoreDataProject";
				PRODUCT_NAME = "$(TARGET_NAME)";
				SWIFT_EMIT_LOC_STRINGS = YES;
				SWIFT_VERSION = 5.0;
				TARGETED_DEVICE_FAMILY = "1,2";
			};
			name = Release;
		};
/* End XCBuildConfiguration section */

/* Begin XCConfigurationList section */
		3F9D036527F509700082BB17 /* Build configuration list for PBXProject "JoshanRai-CoreDataProject" */ = {
			isa = XCConfigurationList;
			buildConfigurations = (
				3F9D037627F509720082BB17 /* Debug */,
				3F9D037727F509720082BB17 /* Release */,
			);
			defaultConfigurationIsVisible = 0;
			defaultConfigurationName = Release;
		};
		3F9D037827F509720082BB17 /* Build configuration list for PBXNativeTarget "JoshanRai-CoreDataProject" */ = {
			isa = XCConfigurationList;
			buildConfigurations = (
				3F9D037927F509720082BB17 /* Debug */,
				3F9D037A27F509720082BB17 /* Release */,
			);
			defaultConfigurationIsVisible = 0;
			defaultConfigurationName = Release;
		};
/* End XCConfigurationList section */

/* Begin XCVersionGroup section */
		3F9D039327F777B90082BB17 /* CoreDataProject.xcdatamodeld */ = {
			isa = XCVersionGroup;
			children = (
				3F9D039427F777B90082BB17 /* CoreDataProject.xcdatamodel */,
			);
			currentVersion = 3F9D039427F777B90082BB17 /* CoreDataProject.xcdatamodel */;
			path = CoreDataProject.xcdatamodeld;
			sourceTree = "<group>";
			versionGroupType = wrapper.xcdatamodel;
		};
/* End XCVersionGroup section */
	};
	rootObject = 3F9D036227F509700082BB17 /* Project object */;
}
